
Microsoft Visual Studio Solution File, Format Version 12.00
# Visual Studio 14
VisualStudioVersion = 14.0.25420.1
MinimumVisualStudioVersion = 10.0.40219.1
Project("{8BC9CEB8-8B4A-11D0-8D11-00A0C91BC942}") = "S1_01_HolaMundo", "S1_01_HolaMundo\S1_01_HolaMundo.vcxproj", "{A80B7CCD-7793-41F9-939C-279E4BF49C1C}"
EndProject
Project("{8BC9CEB8-8B4A-11D0-8D11-00A0C91BC942}") = "S2_01_TeteraGLUT", "S2_01_TeteraGLUT\S2_01_TeteraGLUT.vcxproj", "{86E0FF71-7874-40B3-B899-25ABEA5E3BC4}"
EndProject
Project("{8BC9CEB8-8B4A-11D0-8D11-00A0C91BC942}") = "S2_02_Pentagono", "S2_02_Pentagono\S2_02_Pentagono.vcxproj", "{3278C750-A5A2-45EF-9A72-9472CC48E0FB}"
EndProject
Project("{8BC9CEB8-8B4A-11D0-8D11-00A0C91BC942}") = "S2_03_PentagonoColores", "S2_03_PentagonoColores\S2_03_PentagonoColores.vcxproj", "{3006B38C-2BCF-4045-A7CE-E968E0BF454F}"
EndProject
Project("{8BC9CEB8-8B4A-11D0-8D11-00A0C91BC942}") = "S2_04_PentagonoContorno", "S2_04_PentagonoContorno\S2_04_PentagonoContorno.vcxproj", "{7AA7D24E-DED3-4F65-849F-103F5F8688B3}"
EndProject
Project("{8BC9CEB8-8B4A-11D0-8D11-00A0C91BC942}") = "S2_05_PentagonoDisplayList", "S2_05_PentagonoDisplayList\S2_05_PentagonoDisplayList.vcxproj", "{63CEDDB9-8987-498A-9908-708E9C465D65}"
EndProject
Project("{8BC9CEB8-8B4A-11D0-8D11-00A0C91BC942}") = "S2_06_OctaedroVertexArray", "S2_06_RomboedroVertexArray\S2_06_RomboedroVertexArray.vcxproj", "{4FF606E8-CB74-4B91-8F18-FF00340B0A98}"
EndProject
Project("{8BC9CEB8-8B4A-11D0-8D11-00A0C91BC942}") = "S3_01_Traslacion", "S3_01_Traslacion\S3_01_Traslacion.vcxproj", "{89ABB995-42C3-4ADF-A6C0-BBF148915279}"
EndProject
Project("{8BC9CEB8-8B4A-11D0-8D11-00A0C91BC942}") = "S3_02_GiroTraslacion", "S3_02_GiroTraslacion\S3_02_GiroTraslacion.vcxproj", "{8CACE889-C27C-493A-B3FE-0570591E89EC}"
EndProject
Project("{8BC9CEB8-8B4A-11D0-8D11-00A0C91BC942}") = "S3_03_DosLunas", "S3_03_DosLunas\S3_03_DosLunas.vcxproj", "{1F5E5332-D1CA-4397-B17B-BFFB7EA57C6A}"
EndProject
Project("{8BC9CEB8-8B4A-11D0-8D11-00A0C91BC942}") = "S3_04_BandejaConTetera", "S3_04_BandejaConTetera\S3_04_BandejaConTetera.vcxproj", "{E58E8177-5B3C-40AD-B282-FC0D9AA36F85}"
EndProject
Project("{8BC9CEB8-8B4A-11D0-8D11-00A0C91BC942}") = "S4_01_IsotropiaVista", "S4_01_IsotropiaVista\S4_01_IsotropiaVista.vcxproj", "{0D4DAB74-3498-45C9-8B22-DBAD4EBF6154}"
EndProject
Project("{8BC9CEB8-8B4A-11D0-8D11-00A0C91BC942}") = "S4_02_IsotropiaMarco", "S4_02_IsotropiaMarco\S4_02_IsotropiaMarco.vcxproj", "{BE4207FF-9D1B-49F5-81DB-615A3C0F792D}"
EndProject
Project("{8BC9CEB8-8B4A-11D0-8D11-00A0C91BC942}") = "S4_03_VistaCenital", "S4_03_VistaCenital\S4_03_VistaCenital.vcxproj", "{C253F556-5C67-4056-BA17-0C3F2C93FAA1}"
EndProject
Project("{8BC9CEB8-8B4A-11D0-8D11-00A0C91BC942}") = "S4_04_Visibilidad", "S4_04_Visibilidad\S4_04_Visibilidad.vcxproj", "{9CA4999D-0699-4054-9EAE-69ECEE929209}"
EndProject
Project("{8BC9CEB8-8B4A-11D0-8D11-00A0C91BC942}") = "S5_01_CuadradoRebotante", "S5_01_CuadradoRebotante\S5_01_CuadradoRebotante.vcxproj", "{1B7379F9-BC71-43FE-BD0E-AB0D453A80FC}"
EndProject
Project("{8BC9CEB8-8B4A-11D0-8D11-00A0C91BC942}") = "S5_02_ControlTiempo", "S5_02_ControlTiempo\S5_02_ControlTiempo.vcxproj", "{2DBE62F2-027F-407F-85AA-8A7C7E9DDEF0}"
EndProject
Project("{8BC9CEB8-8B4A-11D0-8D11-00A0C91BC942}") = "S5_03_ControlFPS", "S5_03_ControlFPS\S5_03_ControlFPS.vcxproj", "{63FB1EB2-9D51-454C-9703-9ECFCF113542}"
EndProject
Project("{8BC9CEB8-8B4A-11D0-8D11-00A0C91BC942}") = "S6_01_CapturaTeclado", "S6_01_CapturaTeclado\S6_01_CapturaTeclado.vcxproj", "{D2A47505-251F-4B7A-A7EF-279366BBF35F}"
EndProject
Project("{8BC9CEB8-8B4A-11D0-8D11-00A0C91BC942}") = "S6_02_Inspeccion", "S6_02_Inspeccion\S6_02_Inspeccion.vcxproj", "{4B4E2D53-079E-4434-A439-1445C1DEAA9C}"
EndProject
Project("{8BC9CEB8-8B4A-11D0-8D11-00A0C91BC942}") = "S6_03_BolaCristas", "S6_03_BolaCristas\S6_03_BolaCristas.vcxproj", "{B4DC3A78-74B4-4954-971D-95D0663E58C9}"
EndProject
Project("{8BC9CEB8-8B4A-11D0-8D11-00A0C91BC942}") = "S6_04_MenusGLUT", "S6_04_MenusGLUT\S6_04_MenusGLUT.vcxproj", "{E9887DEE-8388-46C7-A369-E99653F97FC0}"
EndProject
Project("{8BC9CEB8-8B4A-11D0-8D11-00A0C91BC942}") = "S6_05_Picking", "S6_05_Picking\S6_05_Picking.vcxproj", "{27EC8700-19E6-48FC-A357-677FFDD31951}"
EndProject
Project("{8BC9CEB8-8B4A-11D0-8D11-00A0C91BC942}") = "S7_01_EsferaIluminada", "S7_01_EsferaIluminada\S7_01_EsferaIluminada.vcxproj", "{935E9B80-5BF1-464D-90CF-AF378558FC7F}"
EndProject
Project("{8BC9CEB8-8B4A-11D0-8D11-00A0C91BC942}") = "S7_02_LuzPuntualvsDireccional", "S7_02_LuzPuntualvsDireccional\S7_02_LuzPuntualvsDireccional.vcxproj", "{C7BB22A0-A225-4A5C-B37F-131DE8EEBEDC}"
EndProject
Project("{8BC9CEB8-8B4A-11D0-8D11-00A0C91BC942}") = "S7_03_LuzFocal", "S7_03_LuzFocal\S7_03_LuzFocal.vcxproj", "{FE4586FC-5D56-468E-B1FA-17919C23D78C}"
EndProject
Project("{8BC9CEB8-8B4A-11D0-8D11-00A0C91BC942}") = "S7_04_LuzMinero", "S7_04_LuzMinero\S7_04_LuzMinero.vcxproj", "{5A44839D-EBB2-4779-A544-9C0494BF7AC4}"
EndProject
Project("{8BC9CEB8-8B4A-11D0-8D11-00A0C91BC942}") = "S7_05_Material", "S7_05_Material\S7_05_Material.vcxproj", "{03B6C428-F264-4F2A-8612-E87A492C0897}"
EndProject
Project("{8BC9CEB8-8B4A-11D0-8D11-00A0C91BC942}") = "S7_06_ModeloSombreado", "S7_06_ModeloSombreado\S7_06_ModeloSombreado.vcxproj", "{EE99F4CB-A17A-4BF1-B348-AD0FB1ACDE5A}"
EndProject
Project("{8BC9CEB8-8B4A-11D0-8D11-00A0C91BC942}") = "S8_01_QuadTexturado", "S8_01_QuadTexturado\S8_01_QuadTexturado.vcxproj", "{3097ACA7-9674-4FC7-AA24-3618AA7E2D7E}"
EndProject
Project("{8BC9CEB8-8B4A-11D0-8D11-00A0C91BC942}") = "S8_02_DosTexturas", "S8_02_DosTexturas\S8_02_DosTexturas.vcxproj", "{380B97F0-26D8-4D35-8BC3-63783CE675B6}"
EndProject
Project("{8BC9CEB8-8B4A-11D0-8D11-00A0C91BC942}") = "S8_03_BrilloTexturas", "S8_03_BrilloTexturas\S8_03_BrilloTexturas.vcxproj", "{1DBD1E3F-2270-4ED7-A5BC-AA285DB0BC1F}"
EndProject
Project("{8BC9CEB8-8B4A-11D0-8D11-00A0C91BC942}") = "S8_04_TexturaAutomatica", "S8_04_TexturaAutomatica\S8_04_TexturaAutomatica.vcxproj", "{00811FBE-D839-4C8D-A537-096CDD4A9FCF}"
EndProject
Project("{8BC9CEB8-8B4A-11D0-8D11-00A0C91BC942}") = "S8_05_MapaEntorno", "S8_05_MapaEntorno\S8_05_MapaEntorno.vcxproj", "{24794D90-BA5C-4F07-B5DC-1A1E434319F5}"
EndProject
Project("{8BC9CEB8-8B4A-11D0-8D11-00A0C91BC942}") = "S9_01_Blending", "S9_01_Blending\S9_01_Blending.vcxproj", "{7EE5CD8A-C9E2-4C89-939A-B3C84CAF86F9}"
EndProject
Project("{8BC9CEB8-8B4A-11D0-8D11-00A0C91BC942}") = "S9_02_Fog", "S9_02_Fog\S9_02_Fog.vcxproj", "{42E62A8F-DD8D-485F-B3C7-C85B7333F5E1}"
EndProject
Project("{8BC9CEB8-8B4A-11D0-8D11-00A0C91BC942}") = "S9_03_Antialiasing", "S9_03_Antialiasing\S9_03_Antialiasing.vcxproj", "{4DEC0D7D-9A0D-40AC-B13A-5B151653498D}"
EndProject
Global
	GlobalSection(SolutionConfigurationPlatforms) = preSolution
		Debug|Win32 = Debug|Win32
		Release|Win32 = Release|Win32
	EndGlobalSection
	GlobalSection(ProjectConfigurationPlatforms) = postSolution
		{A80B7CCD-7793-41F9-939C-279E4BF49C1C}.Debug|Win32.ActiveCfg = Debug|Win32
		{A80B7CCD-7793-41F9-939C-279E4BF49C1C}.Debug|Win32.Build.0 = Debug|Win32
		{A80B7CCD-7793-41F9-939C-279E4BF49C1C}.Release|Win32.ActiveCfg = Release|Win32
		{A80B7CCD-7793-41F9-939C-279E4BF49C1C}.Release|Win32.Build.0 = Release|Win32
		{86E0FF71-7874-40B3-B899-25ABEA5E3BC4}.Debug|Win32.ActiveCfg = Debug|Win32
		{86E0FF71-7874-40B3-B899-25ABEA5E3BC4}.Debug|Win32.Build.0 = Debug|Win32
		{86E0FF71-7874-40B3-B899-25ABEA5E3BC4}.Release|Win32.ActiveCfg = Release|Win32
		{86E0FF71-7874-40B3-B899-25ABEA5E3BC4}.Release|Win32.Build.0 = Release|Win32
		{3278C750-A5A2-45EF-9A72-9472CC48E0FB}.Debug|Win32.ActiveCfg = Debug|Win32
		{3278C750-A5A2-45EF-9A72-9472CC48E0FB}.Debug|Win32.Build.0 = Debug|Win32
		{3278C750-A5A2-45EF-9A72-9472CC48E0FB}.Release|Win32.ActiveCfg = Release|Win32
		{3278C750-A5A2-45EF-9A72-9472CC48E0FB}.Release|Win32.Build.0 = Release|Win32
		{3006B38C-2BCF-4045-A7CE-E968E0BF454F}.Debug|Win32.ActiveCfg = Debug|Win32
		{3006B38C-2BCF-4045-A7CE-E968E0BF454F}.Debug|Win32.Build.0 = Debug|Win32
		{3006B38C-2BCF-4045-A7CE-E968E0BF454F}.Release|Win32.ActiveCfg = Release|Win32
		{3006B38C-2BCF-4045-A7CE-E968E0BF454F}.Release|Win32.Build.0 = Release|Win32
		{7AA7D24E-DED3-4F65-849F-103F5F8688B3}.Debug|Win32.ActiveCfg = Debug|Win32
		{7AA7D24E-DED3-4F65-849F-103F5F8688B3}.Debug|Win32.Build.0 = Debug|Win32
		{7AA7D24E-DED3-4F65-849F-103F5F8688B3}.Release|Win32.ActiveCfg = Release|Win32
		{7AA7D24E-DED3-4F65-849F-103F5F8688B3}.Release|Win32.Build.0 = Release|Win32
		{63CEDDB9-8987-498A-9908-708E9C465D65}.Debug|Win32.ActiveCfg = Debug|Win32
		{63CEDDB9-8987-498A-9908-708E9C465D65}.Debug|Win32.Build.0 = Debug|Win32
		{63CEDDB9-8987-498A-9908-708E9C465D65}.Release|Win32.ActiveCfg = Release|Win32
		{63CEDDB9-8987-498A-9908-708E9C465D65}.Release|Win32.Build.0 = Release|Win32
		{4FF606E8-CB74-4B91-8F18-FF00340B0A98}.Debug|Win32.ActiveCfg = Debug|Win32
		{4FF606E8-CB74-4B91-8F18-FF00340B0A98}.Debug|Win32.Build.0 = Debug|Win32
		{4FF606E8-CB74-4B91-8F18-FF00340B0A98}.Release|Win32.ActiveCfg = Release|Win32
		{4FF606E8-CB74-4B91-8F18-FF00340B0A98}.Release|Win32.Build.0 = Release|Win32
		{89ABB995-42C3-4ADF-A6C0-BBF148915279}.Debug|Win32.ActiveCfg = Debug|Win32
		{89ABB995-42C3-4ADF-A6C0-BBF148915279}.Debug|Win32.Build.0 = Debug|Win32
		{89ABB995-42C3-4ADF-A6C0-BBF148915279}.Release|Win32.ActiveCfg = Release|Win32
		{89ABB995-42C3-4ADF-A6C0-BBF148915279}.Release|Win32.Build.0 = Release|Win32
		{8CACE889-C27C-493A-B3FE-0570591E89EC}.Debug|Win32.ActiveCfg = Debug|Win32
		{8CACE889-C27C-493A-B3FE-0570591E89EC}.Debug|Win32.Build.0 = Debug|Win32
		{8CACE889-C27C-493A-B3FE-0570591E89EC}.Release|Win32.ActiveCfg = Release|Win32
		{8CACE889-C27C-493A-B3FE-0570591E89EC}.Release|Win32.Build.0 = Release|Win32
		{1F5E5332-D1CA-4397-B17B-BFFB7EA57C6A}.Debug|Win32.ActiveCfg = Debug|Win32
		{1F5E5332-D1CA-4397-B17B-BFFB7EA57C6A}.Debug|Win32.Build.0 = Debug|Win32
		{1F5E5332-D1CA-4397-B17B-BFFB7EA57C6A}.Release|Win32.ActiveCfg = Release|Win32
		{1F5E5332-D1CA-4397-B17B-BFFB7EA57C6A}.Release|Win32.Build.0 = Release|Win32
		{E58E8177-5B3C-40AD-B282-FC0D9AA36F85}.Debug|Win32.ActiveCfg = Debug|Win32
		{E58E8177-5B3C-40AD-B282-FC0D9AA36F85}.Debug|Win32.Build.0 = Debug|Win32
		{E58E8177-5B3C-40AD-B282-FC0D9AA36F85}.Release|Win32.ActiveCfg = Release|Win32
		{E58E8177-5B3C-40AD-B282-FC0D9AA36F85}.Release|Win32.Build.0 = Release|Win32
		{0D4DAB74-3498-45C9-8B22-DBAD4EBF6154}.Debug|Win32.ActiveCfg = Debug|Win32
		{0D4DAB74-3498-45C9-8B22-DBAD4EBF6154}.Debug|Win32.Build.0 = Debug|Win32
		{0D4DAB74-3498-45C9-8B22-DBAD4EBF6154}.Release|Win32.ActiveCfg = Release|Win32
		{0D4DAB74-3498-45C9-8B22-DBAD4EBF6154}.Release|Win32.Build.0 = Release|Win32
		{BE4207FF-9D1B-49F5-81DB-615A3C0F792D}.Debug|Win32.ActiveCfg = Debug|Win32
		{BE4207FF-9D1B-49F5-81DB-615A3C0F792D}.Debug|Win32.Build.0 = Debug|Win32
		{BE4207FF-9D1B-49F5-81DB-615A3C0F792D}.Release|Win32.ActiveCfg = Release|Win32
		{BE4207FF-9D1B-49F5-81DB-615A3C0F792D}.Release|Win32.Build.0 = Release|Win32
		{C253F556-5C67-4056-BA17-0C3F2C93FAA1}.Debug|Win32.ActiveCfg = Debug|Win32
		{C253F556-5C67-4056-BA17-0C3F2C93FAA1}.Debug|Win32.Build.0 = Debug|Win32
		{C253F556-5C67-4056-BA17-0C3F2C93FAA1}.Release|Win32.ActiveCfg = Release|Win32
		{C253F556-5C67-4056-BA17-0C3F2C93FAA1}.Release|Win32.Build.0 = Release|Win32
		{9CA4999D-0699-4054-9EAE-69ECEE929209}.Debug|Win32.ActiveCfg = Debug|Win32
		{9CA4999D-0699-4054-9EAE-69ECEE929209}.Debug|Win32.Build.0 = Debug|Win32
		{9CA4999D-0699-4054-9EAE-69ECEE929209}.Release|Win32.ActiveCfg = Release|Win32
		{9CA4999D-0699-4054-9EAE-69ECEE929209}.Release|Win32.Build.0 = Release|Win32
		{1B7379F9-BC71-43FE-BD0E-AB0D453A80FC}.Debug|Win32.ActiveCfg = Debug|Win32
		{1B7379F9-BC71-43FE-BD0E-AB0D453A80FC}.Debug|Win32.Build.0 = Debug|Win32
		{1B7379F9-BC71-43FE-BD0E-AB0D453A80FC}.Release|Win32.ActiveCfg = Release|Win32
		{1B7379F9-BC71-43FE-BD0E-AB0D453A80FC}.Release|Win32.Build.0 = Release|Win32
		{2DBE62F2-027F-407F-85AA-8A7C7E9DDEF0}.Debug|Win32.ActiveCfg = Debug|Win32
		{2DBE62F2-027F-407F-85AA-8A7C7E9DDEF0}.Debug|Win32.Build.0 = Debug|Win32
		{2DBE62F2-027F-407F-85AA-8A7C7E9DDEF0}.Release|Win32.ActiveCfg = Release|Win32
		{2DBE62F2-027F-407F-85AA-8A7C7E9DDEF0}.Release|Win32.Build.0 = Release|Win32
		{63FB1EB2-9D51-454C-9703-9ECFCF113542}.Debug|Win32.ActiveCfg = Debug|Win32
		{63FB1EB2-9D51-454C-9703-9ECFCF113542}.Debug|Win32.Build.0 = Debug|Win32
		{63FB1EB2-9D51-454C-9703-9ECFCF113542}.Release|Win32.ActiveCfg = Release|Win32
		{63FB1EB2-9D51-454C-9703-9ECFCF113542}.Release|Win32.Build.0 = Release|Win32
		{D2A47505-251F-4B7A-A7EF-279366BBF35F}.Debug|Win32.ActiveCfg = Debug|Win32
		{D2A47505-251F-4B7A-A7EF-279366BBF35F}.Debug|Win32.Build.0 = Debug|Win32
		{D2A47505-251F-4B7A-A7EF-279366BBF35F}.Release|Win32.ActiveCfg = Release|Win32
		{D2A47505-251F-4B7A-A7EF-279366BBF35F}.Release|Win32.Build.0 = Release|Win32
		{4B4E2D53-079E-4434-A439-1445C1DEAA9C}.Debug|Win32.ActiveCfg = Debug|Win32
		{4B4E2D53-079E-4434-A439-1445C1DEAA9C}.Debug|Win32.Build.0 = Debug|Win32
		{4B4E2D53-079E-4434-A439-1445C1DEAA9C}.Release|Win32.ActiveCfg = Release|Win32
		{4B4E2D53-079E-4434-A439-1445C1DEAA9C}.Release|Win32.Build.0 = Release|Win32
		{B4DC3A78-74B4-4954-971D-95D0663E58C9}.Debug|Win32.ActiveCfg = Debug|Win32
		{B4DC3A78-74B4-4954-971D-95D0663E58C9}.Debug|Win32.Build.0 = Debug|Win32
		{B4DC3A78-74B4-4954-971D-95D0663E58C9}.Release|Win32.ActiveCfg = Release|Win32
		{B4DC3A78-74B4-4954-971D-95D0663E58C9}.Release|Win32.Build.0 = Release|Win32
		{E9887DEE-8388-46C7-A369-E99653F97FC0}.Debug|Win32.ActiveCfg = Debug|Win32
		{E9887DEE-8388-46C7-A369-E99653F97FC0}.Debug|Win32.Build.0 = Debug|Win32
		{E9887DEE-8388-46C7-A369-E99653F97FC0}.Release|Win32.ActiveCfg = Release|Win32
		{E9887DEE-8388-46C7-A369-E99653F97FC0}.Release|Win32.Build.0 = Release|Win32
		{27EC8700-19E6-48FC-A357-677FFDD31951}.Debug|Win32.ActiveCfg = Debug|Win32
		{27EC8700-19E6-48FC-A357-677FFDD31951}.Debug|Win32.Build.0 = Debug|Win32
		{27EC8700-19E6-48FC-A357-677FFDD31951}.Release|Win32.ActiveCfg = Release|Win32
		{27EC8700-19E6-48FC-A357-677FFDD31951}.Release|Win32.Build.0 = Release|Win32
		{935E9B80-5BF1-464D-90CF-AF378558FC7F}.Debug|Win32.ActiveCfg = Debug|Win32
		{935E9B80-5BF1-464D-90CF-AF378558FC7F}.Debug|Win32.Build.0 = Debug|Win32
		{935E9B80-5BF1-464D-90CF-AF378558FC7F}.Release|Win32.ActiveCfg = Release|Win32
		{935E9B80-5BF1-464D-90CF-AF378558FC7F}.Release|Win32.Build.0 = Release|Win32
		{C7BB22A0-A225-4A5C-B37F-131DE8EEBEDC}.Debug|Win32.ActiveCfg = Debug|Win32
		{C7BB22A0-A225-4A5C-B37F-131DE8EEBEDC}.Debug|Win32.Build.0 = Debug|Win32
		{C7BB22A0-A225-4A5C-B37F-131DE8EEBEDC}.Release|Win32.ActiveCfg = Release|Win32
		{C7BB22A0-A225-4A5C-B37F-131DE8EEBEDC}.Release|Win32.Build.0 = Release|Win32
		{FE4586FC-5D56-468E-B1FA-17919C23D78C}.Debug|Win32.ActiveCfg = Debug|Win32
		{FE4586FC-5D56-468E-B1FA-17919C23D78C}.Debug|Win32.Build.0 = Debug|Win32
		{FE4586FC-5D56-468E-B1FA-17919C23D78C}.Release|Win32.ActiveCfg = Release|Win32
		{FE4586FC-5D56-468E-B1FA-17919C23D78C}.Release|Win32.Build.0 = Release|Win32
		{5A44839D-EBB2-4779-A544-9C0494BF7AC4}.Debug|Win32.ActiveCfg = Debug|Win32
		{5A44839D-EBB2-4779-A544-9C0494BF7AC4}.Debug|Win32.Build.0 = Debug|Win32
		{5A44839D-EBB2-4779-A544-9C0494BF7AC4}.Release|Win32.ActiveCfg = Release|Win32
		{5A44839D-EBB2-4779-A544-9C0494BF7AC4}.Release|Win32.Build.0 = Release|Win32
		{03B6C428-F264-4F2A-8612-E87A492C0897}.Debug|Win32.ActiveCfg = Debug|Win32
		{03B6C428-F264-4F2A-8612-E87A492C0897}.Debug|Win32.Build.0 = Debug|Win32
		{03B6C428-F264-4F2A-8612-E87A492C0897}.Release|Win32.ActiveCfg = Release|Win32
		{03B6C428-F264-4F2A-8612-E87A492C0897}.Release|Win32.Build.0 = Release|Win32
		{EE99F4CB-A17A-4BF1-B348-AD0FB1ACDE5A}.Debug|Win32.ActiveCfg = Debug|Win32
		{EE99F4CB-A17A-4BF1-B348-AD0FB1ACDE5A}.Debug|Win32.Build.0 = Debug|Win32
		{EE99F4CB-A17A-4BF1-B348-AD0FB1ACDE5A}.Release|Win32.ActiveCfg = Release|Win32
		{EE99F4CB-A17A-4BF1-B348-AD0FB1ACDE5A}.Release|Win32.Build.0 = Release|Win32
		{3097ACA7-9674-4FC7-AA24-3618AA7E2D7E}.Debug|Win32.ActiveCfg = Debug|Win32
		{3097ACA7-9674-4FC7-AA24-3618AA7E2D7E}.Debug|Win32.Build.0 = Debug|Win32
		{3097ACA7-9674-4FC7-AA24-3618AA7E2D7E}.Release|Win32.ActiveCfg = Release|Win32
		{3097ACA7-9674-4FC7-AA24-3618AA7E2D7E}.Release|Win32.Build.0 = Release|Win32
		{380B97F0-26D8-4D35-8BC3-63783CE675B6}.Debug|Win32.ActiveCfg = Debug|Win32
		{380B97F0-26D8-4D35-8BC3-63783CE675B6}.Debug|Win32.Build.0 = Debug|Win32
		{380B97F0-26D8-4D35-8BC3-63783CE675B6}.Release|Win32.ActiveCfg = Release|Win32
		{380B97F0-26D8-4D35-8BC3-63783CE675B6}.Release|Win32.Build.0 = Release|Win32
		{1DBD1E3F-2270-4ED7-A5BC-AA285DB0BC1F}.Debug|Win32.ActiveCfg = Debug|Win32
		{1DBD1E3F-2270-4ED7-A5BC-AA285DB0BC1F}.Debug|Win32.Build.0 = Debug|Win32
		{1DBD1E3F-2270-4ED7-A5BC-AA285DB0BC1F}.Release|Win32.ActiveCfg = Release|Win32
		{1DBD1E3F-2270-4ED7-A5BC-AA285DB0BC1F}.Release|Win32.Build.0 = Release|Win32
		{00811FBE-D839-4C8D-A537-096CDD4A9FCF}.Debug|Win32.ActiveCfg = Debug|Win32
		{00811FBE-D839-4C8D-A537-096CDD4A9FCF}.Debug|Win32.Build.0 = Debug|Win32
		{00811FBE-D839-4C8D-A537-096CDD4A9FCF}.Release|Win32.ActiveCfg = Release|Win32
		{00811FBE-D839-4C8D-A537-096CDD4A9FCF}.Release|Win32.Build.0 = Release|Win32
		{24794D90-BA5C-4F07-B5DC-1A1E434319F5}.Debug|Win32.ActiveCfg = Debug|Win32
		{24794D90-BA5C-4F07-B5DC-1A1E434319F5}.Debug|Win32.Build.0 = Debug|Win32
		{24794D90-BA5C-4F07-B5DC-1A1E434319F5}.Release|Win32.ActiveCfg = Release|Win32
		{24794D90-BA5C-4F07-B5DC-1A1E434319F5}.Release|Win32.Build.0 = Release|Win32
		{7EE5CD8A-C9E2-4C89-939A-B3C84CAF86F9}.Debug|Win32.ActiveCfg = Debug|Win32
		{7EE5CD8A-C9E2-4C89-939A-B3C84CAF86F9}.Debug|Win32.Build.0 = Debug|Win32
		{7EE5CD8A-C9E2-4C89-939A-B3C84CAF86F9}.Release|Win32.ActiveCfg = Release|Win32
		{7EE5CD8A-C9E2-4C89-939A-B3C84CAF86F9}.Release|Win32.Build.0 = Release|Win32
		{42E62A8F-DD8D-485F-B3C7-C85B7333F5E1}.Debug|Win32.ActiveCfg = Debug|Win32
		{42E62A8F-DD8D-485F-B3C7-C85B7333F5E1}.Debug|Win32.Build.0 = Debug|Win32
		{42E62A8F-DD8D-485F-B3C7-C85B7333F5E1}.Release|Win32.ActiveCfg = Release|Win32
		{42E62A8F-DD8D-485F-B3C7-C85B7333F5E1}.Release|Win32.Build.0 = Release|Win32
		{4DEC0D7D-9A0D-40AC-B13A-5B151653498D}.Debug|Win32.ActiveCfg = Debug|Win32
		{4DEC0D7D-9A0D-40AC-B13A-5B151653498D}.Debug|Win32.Build.0 = Debug|Win32
		{4DEC0D7D-9A0D-40AC-B13A-5B151653498D}.Release|Win32.ActiveCfg = Release|Win32
		{4DEC0D7D-9A0D-40AC-B13A-5B151653498D}.Release|Win32.Build.0 = Release|Win32
	EndGlobalSection
	GlobalSection(SolutionProperties) = preSolution
		HideSolutionNode = FALSE
	EndGlobalSection
EndGlobal
